
Microsoft Visual Studio Solution File, Format Version 12.00
# Visual Studio 15
VisualStudioVersion = 15.0.26430.13
MinimumVisualStudioVersion = 10.0.40219.1
Project("{FAE04EC0-301F-11D3-BF4B-00C04F79EFBC}") = "Exercises.Tests", "Exercises.Tests\Exercises.Tests.csproj", "{2C11FF1A-A78E-4691-8153-986FB77E702F}"
EndProject
Project("{FAE04EC0-301F-11D3-BF4B-00C04F79EFBC}") = "Individual.Exercises", "Individual.Exercises\Individual.Exercises.csproj", "{581A3E73-CB54-4A98-90DD-F486F47B0516}"
EndProject
Global
	GlobalSection(SolutionConfigurationPlatforms) = preSolution
		Debug|Any CPU = Debug|Any CPU
		Release|Any CPU = Release|Any CPU
	EndGlobalSection
	GlobalSection(ProjectConfigurationPlatforms) = postSolution
		{2C11FF1A-A78E-4691-8153-986FB77E702F}.Debug|Any CPU.ActiveCfg = Debug|Any CPU
		{2C11FF1A-A78E-4691-8153-986FB77E702F}.Debug|Any CPU.Build.0 = Debug|Any CPU
		{2C11FF1A-A78E-4691-8153-986FB77E702F}.Release|Any CPU.ActiveCfg = Release|Any CPU
		{2C11FF1A-A78E-4691-8153-986FB77E702F}.Release|Any CPU.Build.0 = Release|Any CPU
		{581A3E73-CB54-4A98-90DD-F486F47B0516}.Debug|Any CPU.ActiveCfg = Debug|Any CPU
		{581A3E73-CB54-4A98-90DD-F486F47B0516}.Debug|Any CPU.Build.0 = Debug|Any CPU
		{581A3E73-CB54-4A98-90DD-F486F47B0516}.Release|Any CPU.ActiveCfg = Release|Any CPU
		{581A3E73-CB54-4A98-90DD-F486F47B0516}.Release|Any CPU.Build.0 = Release|Any CPU
	EndGlobalSection
	GlobalSection(SolutionProperties) = preSolution
		HideSolutionNode = FALSE
	EndGlobalSection
EndGlobal
