
Microsoft Visual Studio Solution File, Format Version 12.00
# Visual Studio 15
VisualStudioVersion = 15.0.26430.13
MinimumVisualStudioVersion = 10.0.40219.1
Project("{FAE04EC0-301F-11D3-BF4B-00C04F79EFBC}") = "Exercises", "WeekendExercises\Exercises.csproj", "{69D0CF61-A68F-494B-B4D0-BABDF1AB289E}"
EndProject
Project("{FAE04EC0-301F-11D3-BF4B-00C04F79EFBC}") = "Exercises.Tests", "WeekendExercises.Tests\Exercises.Tests.csproj", "{78A1058E-0B76-4E69-90FD-DBE8D3BCA4B8}"
EndProject
Global
	GlobalSection(SolutionConfigurationPlatforms) = preSolution
		Debug|Any CPU = Debug|Any CPU
		Release|Any CPU = Release|Any CPU
	EndGlobalSection
	GlobalSection(ProjectConfigurationPlatforms) = postSolution
		{69D0CF61-A68F-494B-B4D0-BABDF1AB289E}.Debug|Any CPU.ActiveCfg = Debug|Any CPU
		{69D0CF61-A68F-494B-B4D0-BABDF1AB289E}.Debug|Any CPU.Build.0 = Debug|Any CPU
		{69D0CF61-A68F-494B-B4D0-BABDF1AB289E}.Release|Any CPU.ActiveCfg = Release|Any CPU
		{69D0CF61-A68F-494B-B4D0-BABDF1AB289E}.Release|Any CPU.Build.0 = Release|Any CPU
		{78A1058E-0B76-4E69-90FD-DBE8D3BCA4B8}.Debug|Any CPU.ActiveCfg = Debug|Any CPU
		{78A1058E-0B76-4E69-90FD-DBE8D3BCA4B8}.Debug|Any CPU.Build.0 = Debug|Any CPU
		{78A1058E-0B76-4E69-90FD-DBE8D3BCA4B8}.Release|Any CPU.ActiveCfg = Release|Any CPU
		{78A1058E-0B76-4E69-90FD-DBE8D3BCA4B8}.Release|Any CPU.Build.0 = Release|Any CPU
	EndGlobalSection
	GlobalSection(SolutionProperties) = preSolution
		HideSolutionNode = FALSE
	EndGlobalSection
EndGlobal
